
Microsoft Visual Studio Solution File, Format Version 12.00
# Visual Studio Version 17
VisualStudioVersion = 17.3.32804.467
MinimumVisualStudioVersion = 10.0.40219.1
Project("{8BC9CEB8-8B4A-11D0-8D11-00A0C91BC942}") = "VeHinh", "VeHinh.vcxproj", "{847EB01F-7B2A-40A1-A00B-FC34626E441E}"
EndProject
Global
	GlobalSection(SolutionConfigurationPlatforms) = preSolution
		Debug|x64 = Debug|x64
		Debug|x86 = Debug|x86
		Release|x64 = Release|x64
		Release|x86 = Release|x86
	EndGlobalSection
	GlobalSection(ProjectConfigurationPlatforms) = postSolution
		{847EB01F-7B2A-40A1-A00B-FC34626E441E}.Debug|x64.ActiveCfg = Debug|x64
		{847EB01F-7B2A-40A1-A00B-FC34626E441E}.Debug|x64.Build.0 = Debug|x64
		{847EB01F-7B2A-40A1-A00B-FC34626E441E}.Debug|x86.ActiveCfg = Debug|Win32
		{847EB01F-7B2A-40A1-A00B-FC34626E441E}.Debug|x86.Build.0 = Debug|Win32
		{847EB01F-7B2A-40A1-A00B-FC34626E441E}.Release|x64.ActiveCfg = Release|x64
		{847EB01F-7B2A-40A1-A00B-FC34626E441E}.Release|x64.Build.0 = Release|x64
		{847EB01F-7B2A-40A1-A00B-FC34626E441E}.Release|x86.ActiveCfg = Release|Win32
		{847EB01F-7B2A-40A1-A00B-FC34626E441E}.Release|x86.Build.0 = Release|Win32
	EndGlobalSection
	GlobalSection(SolutionProperties) = preSolution
		HideSolutionNode = FALSE
	EndGlobalSection
	GlobalSection(ExtensibilityGlobals) = postSolution
		SolutionGuid = {C81DE9F0-BEC1-44E6-888C-129220420A28}
	EndGlobalSection
EndGlobal
