
Microsoft Visual Studio Solution File, Format Version 12.00
# Visual Studio Version 17
VisualStudioVersion = 17.3.32804.467
MinimumVisualStudioVersion = 10.0.40219.1
Project("{8BC9CEB8-8B4A-11D0-8D11-00A0C91BC942}") = "SINEWAVE", "SINEWAVE.vcxproj", "{46A26854-2E41-4427-B091-4F83D07A97FA}"
EndProject
Global
	GlobalSection(SolutionConfigurationPlatforms) = preSolution
		Debug|Win32 = Debug|Win32
		Release|Win32 = Release|Win32
	EndGlobalSection
	GlobalSection(ProjectConfigurationPlatforms) = postSolution
		{46A26854-2E41-4427-B091-4F83D07A97FA}.Debug|Win32.ActiveCfg = Debug|Win32
		{46A26854-2E41-4427-B091-4F83D07A97FA}.Debug|Win32.Build.0 = Debug|Win32
		{46A26854-2E41-4427-B091-4F83D07A97FA}.Release|Win32.ActiveCfg = Release|Win32
		{46A26854-2E41-4427-B091-4F83D07A97FA}.Release|Win32.Build.0 = Release|Win32
	EndGlobalSection
	GlobalSection(SolutionProperties) = preSolution
		HideSolutionNode = FALSE
	EndGlobalSection
	GlobalSection(ExtensibilityGlobals) = postSolution
		SolutionGuid = {16410823-2C75-4BE1-A0E5-478DF32D5912}
	EndGlobalSection
EndGlobal
